{
  "originHash" : "7e8bb14acab9aacd495d65ca73842ebbeb14714a042530a50a238e05218125a1",
  "pins" : [
    {
      "identity" : "appero-sdk-ios",
      "kind" : "remoteSourceControl",
      "location" : "https://github.com/pocketworks/appero-sdk-ios",
      "state" : {
        "branch" : "develop",
        "revision" : "5fd67806b28777deb3528f77d7f5a85106d2bfd2"
      }
    }
  ],
  "version" : 3
}
