{
  "originHash" : "7e8bb14acab9aacd495d65ca73842ebbeb14714a042530a50a238e05218125a1",
  "pins" : [
    {
      "identity" : "appero-sdk-ios",
      "kind" : "remoteSourceControl",
      "location" : "https://github.com/pocketworks/appero-sdk-ios",
      "state" : {
        "branch" : "feature/frustration-flow",
        "revision" : "3c8e99c1c5f3c905c02e359cdd57414bb3e3ec9e"
      }
    }
  ],
  "version" : 3
}
