// !$*UTF8*$!
{
	archiveVersion = 1;
	classes = {
	};
	objectVersion = 60;
	objects = {

/* Begin PBXBuildFile section */
		9867C4C42C065ED700E478FB /* AppDelegate.swift in Sources */ = {isa = PBXBuildFile; fileRef = 9867C4C32C065ED700E478FB /* AppDelegate.swift */; };
		9867C4C62C065ED700E478FB /* SceneDelegate.swift in Sources */ = {isa = PBXBuildFile; fileRef = 9867C4C52C065ED700E478FB /* SceneDelegate.swift */; };
		9867C4C82C065ED700E478FB /* ViewController.swift in Sources */ = {isa = PBXBuildFile; fileRef = 9867C4C72C065ED700E478FB /* ViewController.swift */; };
		9867C4CB2C065ED700E478FB /* Base in Resources */ = {isa = PBXBuildFile; fileRef = 9867C4CA2C065ED700E478FB /* Base */; };
		9867C4CD2C065ED800E478FB /* Assets.xcassets in Resources */ = {isa = PBXBuildFile; fileRef = 9867C4CC2C065ED800E478FB /* Assets.xcassets */; };
		9867C4D02C065ED800E478FB /* Base in Resources */ = {isa = PBXBuildFile; fileRef = 9867C4CF2C065ED800E478FB /* Base */; };
		9868C8982E81656400488000 /* Appero in Frameworks */ = {isa = PBXBuildFile; productRef = 9868C8972E81656400488000 /* Appero */; };
		9868C89E2E81660400488000 /* Appero in Frameworks */ = {isa = PBXBuildFile; productRef = 9868C89D2E81660400488000 /* Appero */; };
		98EE6E9D2E7D72CF009CE0D0 /* Appero in Frameworks */ = {isa = PBXBuildFile; productRef = 98EE6E9C2E7D72CF009CE0D0 /* Appero */; };
/* End PBXBuildFile section */

/* Begin PBXFileReference section */
		9867C4C02C065ED700E478FB /* ApperoExampleUIKit.app */ = {isa = PBXFileReference; explicitFileType = wrapper.application; includeInIndex = 0; path = ApperoExampleUIKit.app; sourceTree = BUILT_PRODUCTS_DIR; };
		9867C4C32C065ED700E478FB /* AppDelegate.swift */ = {isa = PBXFileReference; lastKnownFileType = sourcecode.swift; path = AppDelegate.swift; sourceTree = "<group>"; };
		9867C4C52C065ED700E478FB /* SceneDelegate.swift */ = {isa = PBXFileReference; lastKnownFileType = sourcecode.swift; path = SceneDelegate.swift; sourceTree = "<group>"; };
		9867C4C72C065ED700E478FB /* ViewController.swift */ = {isa = PBXFileReference; lastKnownFileType = sourcecode.swift; path = ViewController.swift; sourceTree = "<group>"; };
		9867C4CA2C065ED700E478FB /* Base */ = {isa = PBXFileReference; lastKnownFileType = file.storyboard; name = Base; path = Base.lproj/Main.storyboard; sourceTree = "<group>"; };
		9867C4CC2C065ED800E478FB /* Assets.xcassets */ = {isa = PBXFileReference; lastKnownFileType = folder.assetcatalog; path = Assets.xcassets; sourceTree = "<group>"; };
		9867C4CF2C065ED800E478FB /* Base */ = {isa = PBXFileReference; lastKnownFileType = file.storyboard; name = Base; path = Base.lproj/LaunchScreen.storyboard; sourceTree = "<group>"; };
		9867C4D12C065ED800E478FB /* Info.plist */ = {isa = PBXFileReference; lastKnownFileType = text.plist.xml; path = Info.plist; sourceTree = "<group>"; };
/* End PBXFileReference section */

/* Begin PBXFrameworksBuildPhase section */
		9867C4BD2C065ED700E478FB /* Frameworks */ = {
			isa = PBXFrameworksBuildPhase;
			buildActionMask = 2147483647;
			files = (
				9868C89E2E81660400488000 /* Appero in Frameworks */,
				98EE6E9D2E7D72CF009CE0D0 /* Appero in Frameworks */,
				9868C8982E81656400488000 /* Appero in Frameworks */,
			);
			runOnlyForDeploymentPostprocessing = 0;
		};
/* End PBXFrameworksBuildPhase section */

/* Begin PBXGroup section */
		9867C4B72C065ED700E478FB = {
			isa = PBXGroup;
			children = (
				9867C4C22C065ED700E478FB /* ApperoExampleUIKit */,
				9867C4C12C065ED700E478FB /* Products */,
			);
			sourceTree = "<group>";
		};
		9867C4C12C065ED700E478FB /* Products */ = {
			isa = PBXGroup;
			children = (
				9867C4C02C065ED700E478FB /* ApperoExampleUIKit.app */,
			);
			name = Products;
			sourceTree = "<group>";
		};
		9867C4C22C065ED700E478FB /* ApperoExampleUIKit */ = {
			isa = PBXGroup;
			children = (
				9867C4C32C065ED700E478FB /* AppDelegate.swift */,
				9867C4C52C065ED700E478FB /* SceneDelegate.swift */,
				9867C4C72C065ED700E478FB /* ViewController.swift */,
				9867C4C92C065ED700E478FB /* Main.storyboard */,
				9867C4CC2C065ED800E478FB /* Assets.xcassets */,
				9867C4CE2C065ED800E478FB /* LaunchScreen.storyboard */,
				9867C4D12C065ED800E478FB /* Info.plist */,
			);
			path = ApperoExampleUIKit;
			sourceTree = "<group>";
		};
/* End PBXGroup section */

/* Begin PBXNativeTarget section */
		9867C4BF2C065ED700E478FB /* ApperoExampleUIKit */ = {
			isa = PBXNativeTarget;
			buildConfigurationList = 9867C4D42C065ED800E478FB /* Build configuration list for PBXNativeTarget "ApperoExampleUIKit" */;
			buildPhases = (
				9867C4BC2C065ED700E478FB /* Sources */,
				9867C4BD2C065ED700E478FB /* Frameworks */,
				9867C4BE2C065ED700E478FB /* Resources */,
			);
			buildRules = (
			);
			dependencies = (
			);
			name = ApperoExampleUIKit;
			packageProductDependencies = (
				98EE6E9C2E7D72CF009CE0D0 /* Appero */,
				9868C8972E81656400488000 /* Appero */,
				9868C89D2E81660400488000 /* Appero */,
			);
			productName = ApperoExampleUIKit;
			productReference = 9867C4C02C065ED700E478FB /* ApperoExampleUIKit.app */;
			productType = "com.apple.product-type.application";
		};
/* End PBXNativeTarget section */

/* Begin PBXProject section */
		9867C4B82C065ED700E478FB /* Project object */ = {
			isa = PBXProject;
			attributes = {
				BuildIndependentTargetsInParallel = 1;
				LastSwiftUpdateCheck = 1530;
				LastUpgradeCheck = 1640;
				TargetAttributes = {
					9867C4BF2C065ED700E478FB = {
						CreatedOnToolsVersion = 15.3;
					};
				};
			};
			buildConfigurationList = 9867C4BB2C065ED700E478FB /* Build configuration list for PBXProject "ApperoExampleUIKit" */;
			compatibilityVersion = "Xcode 14.0";
			developmentRegion = en;
			hasScannedForEncodings = 0;
			knownRegions = (
				en,
				Base,
			);
			mainGroup = 9867C4B72C065ED700E478FB;
			packageReferences = (
				9868C89C2E81660400488000 /* XCLocalSwiftPackageReference "../../appero-sdk-ios" */,
			);
			productRefGroup = 9867C4C12C065ED700E478FB /* Products */;
			projectDirPath = "";
			projectRoot = "";
			targets = (
				9867C4BF2C065ED700E478FB /* ApperoExampleUIKit */,
			);
		};
/* End PBXProject section */

/* Begin PBXResourcesBuildPhase section */
		9867C4BE2C065ED700E478FB /* Resources */ = {
			isa = PBXResourcesBuildPhase;
			buildActionMask = 2147483647;
			files = (
				9867C4CD2C065ED800E478FB /* Assets.xcassets in Resources */,
				9867C4D02C065ED800E478FB /* Base in Resources */,
				9867C4CB2C065ED700E478FB /* Base in Resources */,
			);
			runOnlyForDeploymentPostprocessing = 0;
		};
/* End PBXResourcesBuildPhase section */

/* Begin PBXSourcesBuildPhase section */
		9867C4BC2C065ED700E478FB /* Sources */ = {
			isa = PBXSourcesBuildPhase;
			buildActionMask = 2147483647;
			files = (
				9867C4C82C065ED700E478FB /* ViewController.swift in Sources */,
				9867C4C42C065ED700E478FB /* AppDelegate.swift in Sources */,
				9867C4C62C065ED700E478FB /* SceneDelegate.swift in Sources */,
			);
			runOnlyForDeploymentPostprocessing = 0;
		};
/* End PBXSourcesBuildPhase section */

/* Begin PBXVariantGroup section */
		9867C4C92C065ED700E478FB /* Main.storyboard */ = {
			isa = PBXVariantGroup;
			children = (
				9867C4CA2C065ED700E478FB /* Base */,
			);
			name = Main.storyboard;
			sourceTree = "<group>";
		};
		9867C4CE2C065ED800E478FB /* LaunchScreen.storyboard */ = {
			isa = PBXVariantGroup;
			children = (
				9867C4CF2C065ED800E478FB /* Base */,
			);
			name = LaunchScreen.storyboard;
			sourceTree = "<group>";
		};
/* End PBXVariantGroup section */

/* Begin XCBuildConfiguration section */
		9867C4D22C065ED800E478FB /* Debug */ = {
			isa = XCBuildConfiguration;
			buildSettings = {
				ALWAYS_SEARCH_USER_PATHS = NO;
				ASSETCATALOG_COMPILER_GENERATE_SWIFT_ASSET_SYMBOL_EXTENSIONS = YES;
				CLANG_ANALYZER_NONNULL = YES;
				CLANG_ANALYZER_NUMBER_OBJECT_CONVERSION = YES_AGGRESSIVE;
				CLANG_CXX_LANGUAGE_STANDARD = "gnu++20";
				CLANG_ENABLE_MODULES = YES;
				CLANG_ENABLE_OBJC_ARC = YES;
				CLANG_ENABLE_OBJC_WEAK = YES;
				CLANG_WARN_BLOCK_CAPTURE_AUTORELEASING = YES;
				CLANG_WARN_BOOL_CONVERSION = YES;
				CLANG_WARN_COMMA = YES;
				CLANG_WARN_CONSTANT_CONVERSION = YES;
				CLANG_WARN_DEPRECATED_OBJC_IMPLEMENTATIONS = YES;
				CLANG_WARN_DIRECT_OBJC_ISA_USAGE = YES_ERROR;
				CLANG_WARN_DOCUMENTATION_COMMENTS = YES;
				CLANG_WARN_EMPTY_BODY = YES;
				CLANG_WARN_ENUM_CONVERSION = YES;
				CLANG_WARN_INFINITE_RECURSION = YES;
				CLANG_WARN_INT_CONVERSION = YES;
				CLANG_WARN_NON_LITERAL_NULL_CONVERSION = YES;
				CLANG_WARN_OBJC_IMPLICIT_RETAIN_SELF = YES;
				CLANG_WARN_OBJC_LITERAL_CONVERSION = YES;
				CLANG_WARN_OBJC_ROOT_CLASS = YES_ERROR;
				CLANG_WARN_QUOTED_INCLUDE_IN_FRAMEWORK_HEADER = YES;
				CLANG_WARN_RANGE_LOOP_ANALYSIS = YES;
				CLANG_WARN_STRICT_PROTOTYPES = YES;
				CLANG_WARN_SUSPICIOUS_MOVE = YES;
				CLANG_WARN_UNGUARDED_AVAILABILITY = YES_AGGRESSIVE;
				CLANG_WARN_UNREACHABLE_CODE = YES;
				CLANG_WARN__DUPLICATE_METHOD_MATCH = YES;
				COPY_PHASE_STRIP = NO;
				DEBUG_INFORMATION_FORMAT = dwarf;
				DEVELOPMENT_TEAM = 9HXPVNNC7G;
				ENABLE_STRICT_OBJC_MSGSEND = YES;
				ENABLE_TESTABILITY = YES;
				ENABLE_USER_SCRIPT_SANDBOXING = YES;
				GCC_C_LANGUAGE_STANDARD = gnu17;
				GCC_DYNAMIC_NO_PIC = NO;
				GCC_NO_COMMON_BLOCKS = YES;
				GCC_OPTIMIZATION_LEVEL = 0;
				GCC_PREPROCESSOR_DEFINITIONS = (
					"DEBUG=1",
					"$(inherited)",
				);
				GCC_WARN_64_TO_32_BIT_CONVERSION = YES;
				GCC_WARN_ABOUT_RETURN_TYPE = YES_ERROR;
				GCC_WARN_UNDECLARED_SELECTOR = YES;
				GCC_WARN_UNINITIALIZED_AUTOS = YES_AGGRESSIVE;
				GCC_WARN_UNUSED_FUNCTION = YES;
				GCC_WARN_UNUSED_VARIABLE = YES;
				IPHONEOS_DEPLOYMENT_TARGET = 17.4;
				LOCALIZATION_PREFERS_STRING_CATALOGS = YES;
				MTL_ENABLE_DEBUG_INFO = INCLUDE_SOURCE;
				MTL_FAST_MATH = YES;
				ONLY_ACTIVE_ARCH = YES;
				SDKROOT = iphoneos;
				SWIFT_ACTIVE_COMPILATION_CONDITIONS = "DEBUG $(inherited)";
				SWIFT_OPTIMIZATION_LEVEL = "-Onone";
			};
			name = Debug;
		};
		9867C4D32C065ED800E478FB /* Release */ = {
			isa = XCBuildConfiguration;
			buildSettings = {
				ALWAYS_SEARCH_USER_PATHS = NO;
				ASSETCATALOG_COMPILER_GENERATE_SWIFT_ASSET_SYMBOL_EXTENSIONS = YES;
				CLANG_ANALYZER_NONNULL = YES;
				CLANG_ANALYZER_NUMBER_OBJECT_CONVERSION = YES_AGGRESSIVE;
				CLANG_CXX_LANGUAGE_STANDARD = "gnu++20";
				CLANG_ENABLE_MODULES = YES;
				CLANG_ENABLE_OBJC_ARC = YES;
				CLANG_ENABLE_OBJC_WEAK = YES;
				CLANG_WARN_BLOCK_CAPTURE_AUTORELEASING = YES;
				CLANG_WARN_BOOL_CONVERSION = YES;
				CLANG_WARN_COMMA = YES;
				CLANG_WARN_CONSTANT_CONVERSION = YES;
				CLANG_WARN_DEPRECATED_OBJC_IMPLEMENTATIONS = YES;
				CLANG_WARN_DIRECT_OBJC_ISA_USAGE = YES_ERROR;
				CLANG_WARN_DOCUMENTATION_COMMENTS = YES;
				CLANG_WARN_EMPTY_BODY = YES;
				CLANG_WARN_ENUM_CONVERSION = YES;
				CLANG_WARN_INFINITE_RECURSION = YES;
				CLANG_WARN_INT_CONVERSION = YES;
				CLANG_WARN_NON_LITERAL_NULL_CONVERSION = YES;
				CLANG_WARN_OBJC_IMPLICIT_RETAIN_SELF = YES;
				CLANG_WARN_OBJC_LITERAL_CONVERSION = YES;
				CLANG_WARN_OBJC_ROOT_CLASS = YES_ERROR;
				CLANG_WARN_QUOTED_INCLUDE_IN_FRAMEWORK_HEADER = YES;
				CLANG_WARN_RANGE_LOOP_ANALYSIS = YES;
				CLANG_WARN_STRICT_PROTOTYPES = YES;
				CLANG_WARN_SUSPICIOUS_MOVE = YES;
				CLANG_WARN_UNGUARDED_AVAILABILITY = YES_AGGRESSIVE;
				CLANG_WARN_UNREACHABLE_CODE = YES;
				CLANG_WARN__DUPLICATE_METHOD_MATCH = YES;
				COPY_PHASE_STRIP = NO;
				DEBUG_INFORMATION_FORMAT = "dwarf-with-dsym";
				DEVELOPMENT_TEAM = 9HXPVNNC7G;
				ENABLE_NS_ASSERTIONS = NO;
				ENABLE_STRICT_OBJC_MSGSEND = YES;
				ENABLE_USER_SCRIPT_SANDBOXING = YES;
				GCC_C_LANGUAGE_STANDARD = gnu17;
				GCC_NO_COMMON_BLOCKS = YES;
				GCC_WARN_64_TO_32_BIT_CONVERSION = YES;
				GCC_WARN_ABOUT_RETURN_TYPE = YES_ERROR;
				GCC_WARN_UNDECLARED_SELECTOR = YES;
				GCC_WARN_UNINITIALIZED_AUTOS = YES_AGGRESSIVE;
				GCC_WARN_UNUSED_FUNCTION = YES;
				GCC_WARN_UNUSED_VARIABLE = YES;
				IPHONEOS_DEPLOYMENT_TARGET = 17.4;
				LOCALIZATION_PREFERS_STRING_CATALOGS = YES;
				MTL_ENABLE_DEBUG_INFO = NO;
				MTL_FAST_MATH = YES;
				SDKROOT = iphoneos;
				SWIFT_COMPILATION_MODE = wholemodule;
				VALIDATE_PRODUCT = YES;
			};
			name = Release;
		};
		9867C4D52C065ED800E478FB /* Debug */ = {
			isa = XCBuildConfiguration;
			buildSettings = {
				ASSETCATALOG_COMPILER_APPICON_NAME = AppIcon;
				ASSETCATALOG_COMPILER_GLOBAL_ACCENT_COLOR_NAME = AccentColor;
				CODE_SIGN_STYLE = Automatic;
				CURRENT_PROJECT_VERSION = 1;
				GENERATE_INFOPLIST_FILE = YES;
				INFOPLIST_FILE = ApperoExampleUIKit/Info.plist;
				INFOPLIST_KEY_UIApplicationSupportsIndirectInputEvents = YES;
				INFOPLIST_KEY_UILaunchStoryboardName = LaunchScreen;
				INFOPLIST_KEY_UIMainStoryboardFile = Main;
				INFOPLIST_KEY_UISupportedInterfaceOrientations_iPad = "UIInterfaceOrientationPortrait UIInterfaceOrientationPortraitUpsideDown UIInterfaceOrientationLandscapeLeft UIInterfaceOrientationLandscapeRight";
				INFOPLIST_KEY_UISupportedInterfaceOrientations_iPhone = "UIInterfaceOrientationPortrait UIInterfaceOrientationLandscapeLeft UIInterfaceOrientationLandscapeRight";
				LD_RUNPATH_SEARCH_PATHS = (
					"$(inherited)",
					"@executable_path/Frameworks",
				);
				MARKETING_VERSION = 1.0;
				PRODUCT_BUNDLE_IDENTIFIER = uk.co.pocketworks.ApperoExampleUIKit;
				PRODUCT_NAME = "$(TARGET_NAME)";
				SWIFT_EMIT_LOC_STRINGS = YES;
				SWIFT_VERSION = 5.0;
				TARGETED_DEVICE_FAMILY = "1,2";
			};
			name = Debug;
		};
		9867C4D62C065ED800E478FB /* Release */ = {
			isa = XCBuildConfiguration;
			buildSettings = {
				ASSETCATALOG_COMPILER_APPICON_NAME = AppIcon;
				ASSETCATALOG_COMPILER_GLOBAL_ACCENT_COLOR_NAME = AccentColor;
				CODE_SIGN_STYLE = Automatic;
				CURRENT_PROJECT_VERSION = 1;
				GENERATE_INFOPLIST_FILE = YES;
				INFOPLIST_FILE = ApperoExampleUIKit/Info.plist;
				INFOPLIST_KEY_UIApplicationSupportsIndirectInputEvents = YES;
				INFOPLIST_KEY_UILaunchStoryboardName = LaunchScreen;
				INFOPLIST_KEY_UIMainStoryboardFile = Main;
				INFOPLIST_KEY_UISupportedInterfaceOrientations_iPad = "UIInterfaceOrientationPortrait UIInterfaceOrientationPortraitUpsideDown UIInterfaceOrientationLandscapeLeft UIInterfaceOrientationLandscapeRight";
				INFOPLIST_KEY_UISupportedInterfaceOrientations_iPhone = "UIInterfaceOrientationPortrait UIInterfaceOrientationLandscapeLeft UIInterfaceOrientationLandscapeRight";
				LD_RUNPATH_SEARCH_PATHS = (
					"$(inherited)",
					"@executable_path/Frameworks",
				);
				MARKETING_VERSION = 1.0;
				PRODUCT_BUNDLE_IDENTIFIER = uk.co.pocketworks.ApperoExampleUIKit;
				PRODUCT_NAME = "$(TARGET_NAME)";
				SWIFT_EMIT_LOC_STRINGS = YES;
				SWIFT_VERSION = 5.0;
				TARGETED_DEVICE_FAMILY = "1,2";
			};
			name = Release;
		};
/* End XCBuildConfiguration section */

/* Begin XCConfigurationList section */
		9867C4BB2C065ED700E478FB /* Build configuration list for PBXProject "ApperoExampleUIKit" */ = {
			isa = XCConfigurationList;
			buildConfigurations = (
				9867C4D22C065ED800E478FB /* Debug */,
				9867C4D32C065ED800E478FB /* Release */,
			);
			defaultConfigurationIsVisible = 0;
			defaultConfigurationName = Release;
		};
		9867C4D42C065ED800E478FB /* Build configuration list for PBXNativeTarget "ApperoExampleUIKit" */ = {
			isa = XCConfigurationList;
			buildConfigurations = (
				9867C4D52C065ED800E478FB /* Debug */,
				9867C4D62C065ED800E478FB /* Release */,
			);
			defaultConfigurationIsVisible = 0;
			defaultConfigurationName = Release;
		};
/* End XCConfigurationList section */

/* Begin XCLocalSwiftPackageReference section */
		9868C89C2E81660400488000 /* XCLocalSwiftPackageReference "../../appero-sdk-ios" */ = {
			isa = XCLocalSwiftPackageReference;
			relativePath = "../../appero-sdk-ios";
		};
/* End XCLocalSwiftPackageReference section */

/* Begin XCSwiftPackageProductDependency section */
		9868C8972E81656400488000 /* Appero */ = {
			isa = XCSwiftPackageProductDependency;
			productName = Appero;
		};
		9868C89D2E81660400488000 /* Appero */ = {
			isa = XCSwiftPackageProductDependency;
			productName = Appero;
		};
		98EE6E9C2E7D72CF009CE0D0 /* Appero */ = {
			isa = XCSwiftPackageProductDependency;
			productName = Appero;
		};
/* End XCSwiftPackageProductDependency section */
	};
	rootObject = 9867C4B82C065ED700E478FB /* Project object */;
}
