{
  "originHash" : "7e8bb14acab9aacd495d65ca73842ebbeb14714a042530a50a238e05218125a1",
  "pins" : [
    {
      "identity" : "appero-sdk-ios",
      "kind" : "remoteSourceControl",
      "location" : "https://github.com/pocketworks/appero-sdk-ios",
      "state" : {
        "branch" : "main",
        "revision" : "de5ab81ee1c76e8adfb71a2dba669efac33262ac"
      }
    }
  ],
  "version" : 3
}
