{
  "originHash" : "7e8bb14acab9aacd495d65ca73842ebbeb14714a042530a50a238e05218125a1",
  "pins" : [
    {
      "identity" : "appero-sdk-ios",
      "kind" : "remoteSourceControl",
      "location" : "https://github.com/pocketworks/appero-sdk-ios",
      "state" : {
        "branch" : "develop",
        "revision" : "8d0a50e8cb4c495ec3f5d9f5615e3a25dd764e58"
      }
    }
  ],
  "version" : 3
}
