// !$*UTF8*$!
{
	archiveVersion = 1;
	classes = {
	};
	objectVersion = 60;
	objects = {

/* Begin PBXBuildFile section */
		987260032EDF26EE00279B0C /* Appero in Frameworks */ = {isa = PBXBuildFile; productRef = 987260022EDF26EE00279B0C /* Appero */; };
		98729B5D2C014305007227F6 /* ApperoExampleSwiftUIApp.swift in Sources */ = {isa = PBXBuildFile; fileRef = 98729B5C2C014305007227F6 /* ApperoExampleSwiftUIApp.swift */; };
		98729B612C014305007227F6 /* Assets.xcassets in Resources */ = {isa = PBXBuildFile; fileRef = 98729B602C014305007227F6 /* Assets.xcassets */; };
		98729B642C014305007227F6 /* Preview Assets.xcassets in Resources */ = {isa = PBXBuildFile; fileRef = 98729B632C014305007227F6 /* Preview Assets.xcassets */; };
		988B10312E7344F3002924AE /* Appero in Frameworks */ = {isa = PBXBuildFile; productRef = 988B10302E7344F3002924AE /* Appero */; };
		989043962C05CF6A00EB4375 /* ContentView.swift in Sources */ = {isa = PBXBuildFile; fileRef = 98729B5E2C014305007227F6 /* ContentView.swift */; };
		98B7FB962DECF81C00C6FA74 /* Appero in Frameworks */ = {isa = PBXBuildFile; productRef = 98B7FB952DECF81C00C6FA74 /* Appero */; };
		98EE6E9A2E7962A8009CE0D0 /* Appero in Frameworks */ = {isa = PBXBuildFile; productRef = 98EE6E992E7962A8009CE0D0 /* Appero */; };
/* End PBXBuildFile section */

/* Begin PBXFileReference section */
		98729B592C014305007227F6 /* ApperoExampleSwiftUI.app */ = {isa = PBXFileReference; explicitFileType = wrapper.application; includeInIndex = 0; path = ApperoExampleSwiftUI.app; sourceTree = BUILT_PRODUCTS_DIR; };
		98729B5C2C014305007227F6 /* ApperoExampleSwiftUIApp.swift */ = {isa = PBXFileReference; indentWidth = 4; lastKnownFileType = sourcecode.swift; path = ApperoExampleSwiftUIApp.swift; sourceTree = "<group>"; tabWidth = 4; };
		98729B5E2C014305007227F6 /* ContentView.swift */ = {isa = PBXFileReference; indentWidth = 4; lastKnownFileType = sourcecode.swift; path = ContentView.swift; sourceTree = "<group>"; tabWidth = 4; };
		98729B602C014305007227F6 /* Assets.xcassets */ = {isa = PBXFileReference; lastKnownFileType = folder.assetcatalog; path = Assets.xcassets; sourceTree = "<group>"; };
		98729B632C014305007227F6 /* Preview Assets.xcassets */ = {isa = PBXFileReference; lastKnownFileType = folder.assetcatalog; path = "Preview Assets.xcassets"; sourceTree = "<group>"; };
		98E512602E60E45D006EB629 /* Info.plist */ = {isa = PBXFileReference; lastKnownFileType = text.plist; path = Info.plist; sourceTree = "<group>"; };
/* End PBXFileReference section */

/* Begin PBXFrameworksBuildPhase section */
		98729B562C014305007227F6 /* Frameworks */ = {
			isa = PBXFrameworksBuildPhase;
			buildActionMask = 2147483647;
			files = (
				98EE6E9A2E7962A8009CE0D0 /* Appero in Frameworks */,
				987260032EDF26EE00279B0C /* Appero in Frameworks */,
				98B7FB962DECF81C00C6FA74 /* Appero in Frameworks */,
				988B10312E7344F3002924AE /* Appero in Frameworks */,
			);
			runOnlyForDeploymentPostprocessing = 0;
		};
/* End PBXFrameworksBuildPhase section */

/* Begin PBXGroup section */
		98729B502C014305007227F6 = {
			isa = PBXGroup;
			children = (
				98729B5B2C014305007227F6 /* ApperoExampleSwiftUI */,
				98729B5A2C014305007227F6 /* Products */,
			);
			indentWidth = 2;
			sourceTree = "<group>";
			tabWidth = 2;
		};
		98729B5A2C014305007227F6 /* Products */ = {
			isa = PBXGroup;
			children = (
				98729B592C014305007227F6 /* ApperoExampleSwiftUI.app */,
			);
			name = Products;
			sourceTree = "<group>";
		};
		98729B5B2C014305007227F6 /* ApperoExampleSwiftUI */ = {
			isa = PBXGroup;
			children = (
				98E512602E60E45D006EB629 /* Info.plist */,
				98729B5C2C014305007227F6 /* ApperoExampleSwiftUIApp.swift */,
				98729B5E2C014305007227F6 /* ContentView.swift */,
				98729B602C014305007227F6 /* Assets.xcassets */,
				98729B622C014305007227F6 /* Preview Content */,
			);
			path = ApperoExampleSwiftUI;
			sourceTree = "<group>";
		};
		98729B622C014305007227F6 /* Preview Content */ = {
			isa = PBXGroup;
			children = (
				98729B632C014305007227F6 /* Preview Assets.xcassets */,
			);
			path = "Preview Content";
			sourceTree = "<group>";
		};
/* End PBXGroup section */

/* Begin PBXNativeTarget section */
		98729B582C014305007227F6 /* ApperoExampleSwiftUI */ = {
			isa = PBXNativeTarget;
			buildConfigurationList = 98729B672C014305007227F6 /* Build configuration list for PBXNativeTarget "ApperoExampleSwiftUI" */;
			buildPhases = (
				98729B552C014305007227F6 /* Sources */,
				98729B562C014305007227F6 /* Frameworks */,
				98729B572C014305007227F6 /* Resources */,
			);
			buildRules = (
			);
			dependencies = (
			);
			name = ApperoExampleSwiftUI;
			packageProductDependencies = (
				98B7FB952DECF81C00C6FA74 /* Appero */,
				988B10302E7344F3002924AE /* Appero */,
				98EE6E992E7962A8009CE0D0 /* Appero */,
				987260022EDF26EE00279B0C /* Appero */,
			);
			productName = ApperoExampleSwiftUI;
			productReference = 98729B592C014305007227F6 /* ApperoExampleSwiftUI.app */;
			productType = "com.apple.product-type.application";
		};
/* End PBXNativeTarget section */

/* Begin PBXProject section */
		98729B512C014305007227F6 /* Project object */ = {
			isa = PBXProject;
			attributes = {
				BuildIndependentTargetsInParallel = 1;
				LastSwiftUpdateCheck = 1530;
				LastUpgradeCheck = 1530;
				TargetAttributes = {
					98729B582C014305007227F6 = {
						CreatedOnToolsVersion = 15.3;
					};
				};
			};
			buildConfigurationList = 98729B542C014305007227F6 /* Build configuration list for PBXProject "ApperoExampleSwiftUI" */;
			compatibilityVersion = "Xcode 14.0";
			developmentRegion = en;
			hasScannedForEncodings = 0;
			knownRegions = (
				en,
				Base,
			);
			mainGroup = 98729B502C014305007227F6;
			packageReferences = (
				987260012EDF26EE00279B0C /* XCLocalSwiftPackageReference "../../appero-sdk-ios" */,
			);
			productRefGroup = 98729B5A2C014305007227F6 /* Products */;
			projectDirPath = "";
			projectRoot = "";
			targets = (
				98729B582C014305007227F6 /* ApperoExampleSwiftUI */,
			);
		};
/* End PBXProject section */

/* Begin PBXResourcesBuildPhase section */
		98729B572C014305007227F6 /* Resources */ = {
			isa = PBXResourcesBuildPhase;
			buildActionMask = 2147483647;
			files = (
				98729B642C014305007227F6 /* Preview Assets.xcassets in Resources */,
				98729B612C014305007227F6 /* Assets.xcassets in Resources */,
			);
			runOnlyForDeploymentPostprocessing = 0;
		};
/* End PBXResourcesBuildPhase section */

/* Begin PBXSourcesBuildPhase section */
		98729B552C014305007227F6 /* Sources */ = {
			isa = PBXSourcesBuildPhase;
			buildActionMask = 2147483647;
			files = (
				98729B5D2C014305007227F6 /* ApperoExampleSwiftUIApp.swift in Sources */,
				989043962C05CF6A00EB4375 /* ContentView.swift in Sources */,
			);
			runOnlyForDeploymentPostprocessing = 0;
		};
/* End PBXSourcesBuildPhase section */

/* Begin XCBuildConfiguration section */
		98729B652C014305007227F6 /* Debug */ = {
			isa = XCBuildConfiguration;
			buildSettings = {
				ALWAYS_SEARCH_USER_PATHS = NO;
				ASSETCATALOG_COMPILER_GENERATE_SWIFT_ASSET_SYMBOL_EXTENSIONS = YES;
				CLANG_ANALYZER_NONNULL = YES;
				CLANG_ANALYZER_NUMBER_OBJECT_CONVERSION = YES_AGGRESSIVE;
				CLANG_CXX_LANGUAGE_STANDARD = "gnu++20";
				CLANG_ENABLE_MODULES = YES;
				CLANG_ENABLE_OBJC_ARC = YES;
				CLANG_ENABLE_OBJC_WEAK = YES;
				CLANG_WARN_BLOCK_CAPTURE_AUTORELEASING = YES;
				CLANG_WARN_BOOL_CONVERSION = YES;
				CLANG_WARN_COMMA = YES;
				CLANG_WARN_CONSTANT_CONVERSION = YES;
				CLANG_WARN_DEPRECATED_OBJC_IMPLEMENTATIONS = YES;
				CLANG_WARN_DIRECT_OBJC_ISA_USAGE = YES_ERROR;
				CLANG_WARN_DOCUMENTATION_COMMENTS = YES;
				CLANG_WARN_EMPTY_BODY = YES;
				CLANG_WARN_ENUM_CONVERSION = YES;
				CLANG_WARN_INFINITE_RECURSION = YES;
				CLANG_WARN_INT_CONVERSION = YES;
				CLANG_WARN_NON_LITERAL_NULL_CONVERSION = YES;
				CLANG_WARN_OBJC_IMPLICIT_RETAIN_SELF = YES;
				CLANG_WARN_OBJC_LITERAL_CONVERSION = YES;
				CLANG_WARN_OBJC_ROOT_CLASS = YES_ERROR;
				CLANG_WARN_QUOTED_INCLUDE_IN_FRAMEWORK_HEADER = YES;
				CLANG_WARN_RANGE_LOOP_ANALYSIS = YES;
				CLANG_WARN_STRICT_PROTOTYPES = YES;
				CLANG_WARN_SUSPICIOUS_MOVE = YES;
				CLANG_WARN_UNGUARDED_AVAILABILITY = YES_AGGRESSIVE;
				CLANG_WARN_UNREACHABLE_CODE = YES;
				CLANG_WARN__DUPLICATE_METHOD_MATCH = YES;
				COPY_PHASE_STRIP = NO;
				DEBUG_INFORMATION_FORMAT = dwarf;
				ENABLE_STRICT_OBJC_MSGSEND = YES;
				ENABLE_TESTABILITY = YES;
				ENABLE_USER_SCRIPT_SANDBOXING = YES;
				GCC_C_LANGUAGE_STANDARD = gnu17;
				GCC_DYNAMIC_NO_PIC = NO;
				GCC_NO_COMMON_BLOCKS = YES;
				GCC_OPTIMIZATION_LEVEL = 0;
				GCC_PREPROCESSOR_DEFINITIONS = (
					"DEBUG=1",
					"$(inherited)",
				);
				GCC_WARN_64_TO_32_BIT_CONVERSION = YES;
				GCC_WARN_ABOUT_RETURN_TYPE = YES_ERROR;
				GCC_WARN_UNDECLARED_SELECTOR = YES;
				GCC_WARN_UNINITIALIZED_AUTOS = YES_AGGRESSIVE;
				GCC_WARN_UNUSED_FUNCTION = YES;
				GCC_WARN_UNUSED_VARIABLE = YES;
				IPHONEOS_DEPLOYMENT_TARGET = 16.0;
				LOCALIZATION_PREFERS_STRING_CATALOGS = YES;
				MTL_ENABLE_DEBUG_INFO = INCLUDE_SOURCE;
				MTL_FAST_MATH = YES;
				ONLY_ACTIVE_ARCH = YES;
				SDKROOT = iphoneos;
				SWIFT_ACTIVE_COMPILATION_CONDITIONS = "DEBUG $(inherited)";
				SWIFT_OPTIMIZATION_LEVEL = "-Onone";
			};
			name = Debug;
		};
		98729B662C014305007227F6 /* Release */ = {
			isa = XCBuildConfiguration;
			buildSettings = {
				ALWAYS_SEARCH_USER_PATHS = NO;
				ASSETCATALOG_COMPILER_GENERATE_SWIFT_ASSET_SYMBOL_EXTENSIONS = YES;
				CLANG_ANALYZER_NONNULL = YES;
				CLANG_ANALYZER_NUMBER_OBJECT_CONVERSION = YES_AGGRESSIVE;
				CLANG_CXX_LANGUAGE_STANDARD = "gnu++20";
				CLANG_ENABLE_MODULES = YES;
				CLANG_ENABLE_OBJC_ARC = YES;
				CLANG_ENABLE_OBJC_WEAK = YES;
				CLANG_WARN_BLOCK_CAPTURE_AUTORELEASING = YES;
				CLANG_WARN_BOOL_CONVERSION = YES;
				CLANG_WARN_COMMA = YES;
				CLANG_WARN_CONSTANT_CONVERSION = YES;
				CLANG_WARN_DEPRECATED_OBJC_IMPLEMENTATIONS = YES;
				CLANG_WARN_DIRECT_OBJC_ISA_USAGE = YES_ERROR;
				CLANG_WARN_DOCUMENTATION_COMMENTS = YES;
				CLANG_WARN_EMPTY_BODY = YES;
				CLANG_WARN_ENUM_CONVERSION = YES;
				CLANG_WARN_INFINITE_RECURSION = YES;
				CLANG_WARN_INT_CONVERSION = YES;
				CLANG_WARN_NON_LITERAL_NULL_CONVERSION = YES;
				CLANG_WARN_OBJC_IMPLICIT_RETAIN_SELF = YES;
				CLANG_WARN_OBJC_LITERAL_CONVERSION = YES;
				CLANG_WARN_OBJC_ROOT_CLASS = YES_ERROR;
				CLANG_WARN_QUOTED_INCLUDE_IN_FRAMEWORK_HEADER = YES;
				CLANG_WARN_RANGE_LOOP_ANALYSIS = YES;
				CLANG_WARN_STRICT_PROTOTYPES = YES;
				CLANG_WARN_SUSPICIOUS_MOVE = YES;
				CLANG_WARN_UNGUARDED_AVAILABILITY = YES_AGGRESSIVE;
				CLANG_WARN_UNREACHABLE_CODE = YES;
				CLANG_WARN__DUPLICATE_METHOD_MATCH = YES;
				COPY_PHASE_STRIP = NO;
				DEBUG_INFORMATION_FORMAT = "dwarf-with-dsym";
				ENABLE_NS_ASSERTIONS = NO;
				ENABLE_STRICT_OBJC_MSGSEND = YES;
				ENABLE_USER_SCRIPT_SANDBOXING = YES;
				GCC_C_LANGUAGE_STANDARD = gnu17;
				GCC_NO_COMMON_BLOCKS = YES;
				GCC_WARN_64_TO_32_BIT_CONVERSION = YES;
				GCC_WARN_ABOUT_RETURN_TYPE = YES_ERROR;
				GCC_WARN_UNDECLARED_SELECTOR = YES;
				GCC_WARN_UNINITIALIZED_AUTOS = YES_AGGRESSIVE;
				GCC_WARN_UNUSED_FUNCTION = YES;
				GCC_WARN_UNUSED_VARIABLE = YES;
				IPHONEOS_DEPLOYMENT_TARGET = 16.0;
				LOCALIZATION_PREFERS_STRING_CATALOGS = YES;
				MTL_ENABLE_DEBUG_INFO = NO;
				MTL_FAST_MATH = YES;
				SDKROOT = iphoneos;
				SWIFT_COMPILATION_MODE = wholemodule;
				VALIDATE_PRODUCT = YES;
			};
			name = Release;
		};
		98729B682C014305007227F6 /* Debug */ = {
			isa = XCBuildConfiguration;
			buildSettings = {
				ASSETCATALOG_COMPILER_APPICON_NAME = AppIcon;
				ASSETCATALOG_COMPILER_GLOBAL_ACCENT_COLOR_NAME = AccentColor;
				CODE_SIGN_STYLE = Automatic;
				CURRENT_PROJECT_VERSION = 1;
				DEVELOPMENT_ASSET_PATHS = "\"ApperoExampleSwiftUI/Preview Content\"";
				DEVELOPMENT_TEAM = 9HXPVNNC7G;
				ENABLE_PREVIEWS = YES;
				GENERATE_INFOPLIST_FILE = YES;
				INFOPLIST_FILE = ApperoExampleSwiftUI/Info.plist;
				INFOPLIST_KEY_UIApplicationSceneManifest_Generation = YES;
				INFOPLIST_KEY_UIApplicationSupportsIndirectInputEvents = YES;
				INFOPLIST_KEY_UILaunchScreen_Generation = YES;
				INFOPLIST_KEY_UISupportedInterfaceOrientations_iPad = "UIInterfaceOrientationPortrait UIInterfaceOrientationPortraitUpsideDown UIInterfaceOrientationLandscapeLeft UIInterfaceOrientationLandscapeRight";
				INFOPLIST_KEY_UISupportedInterfaceOrientations_iPhone = "UIInterfaceOrientationPortrait UIInterfaceOrientationLandscapeLeft UIInterfaceOrientationLandscapeRight";
				IPHONEOS_DEPLOYMENT_TARGET = 17.6;
				LD_RUNPATH_SEARCH_PATHS = (
					"$(inherited)",
					"@executable_path/Frameworks",
				);
				MARKETING_VERSION = 1.0;
				PRODUCT_BUNDLE_IDENTIFIER = uk.co.pocketworks.ApperoExampleSwiftUI;
				PRODUCT_NAME = "$(TARGET_NAME)";
				SWIFT_EMIT_LOC_STRINGS = YES;
				SWIFT_VERSION = 5.0;
				TARGETED_DEVICE_FAMILY = "1,2";
			};
			name = Debug;
		};
		98729B692C014305007227F6 /* Release */ = {
			isa = XCBuildConfiguration;
			buildSettings = {
				ASSETCATALOG_COMPILER_APPICON_NAME = AppIcon;
				ASSETCATALOG_COMPILER_GLOBAL_ACCENT_COLOR_NAME = AccentColor;
				CODE_SIGN_STYLE = Automatic;
				CURRENT_PROJECT_VERSION = 1;
				DEVELOPMENT_ASSET_PATHS = "\"ApperoExampleSwiftUI/Preview Content\"";
				DEVELOPMENT_TEAM = 9HXPVNNC7G;
				ENABLE_PREVIEWS = YES;
				GENERATE_INFOPLIST_FILE = YES;
				INFOPLIST_FILE = ApperoExampleSwiftUI/Info.plist;
				INFOPLIST_KEY_UIApplicationSceneManifest_Generation = YES;
				INFOPLIST_KEY_UIApplicationSupportsIndirectInputEvents = YES;
				INFOPLIST_KEY_UILaunchScreen_Generation = YES;
				INFOPLIST_KEY_UISupportedInterfaceOrientations_iPad = "UIInterfaceOrientationPortrait UIInterfaceOrientationPortraitUpsideDown UIInterfaceOrientationLandscapeLeft UIInterfaceOrientationLandscapeRight";
				INFOPLIST_KEY_UISupportedInterfaceOrientations_iPhone = "UIInterfaceOrientationPortrait UIInterfaceOrientationLandscapeLeft UIInterfaceOrientationLandscapeRight";
				IPHONEOS_DEPLOYMENT_TARGET = 17.6;
				LD_RUNPATH_SEARCH_PATHS = (
					"$(inherited)",
					"@executable_path/Frameworks",
				);
				MARKETING_VERSION = 1.0;
				PRODUCT_BUNDLE_IDENTIFIER = uk.co.pocketworks.ApperoExampleSwiftUI;
				PRODUCT_NAME = "$(TARGET_NAME)";
				SWIFT_EMIT_LOC_STRINGS = YES;
				SWIFT_VERSION = 5.0;
				TARGETED_DEVICE_FAMILY = "1,2";
			};
			name = Release;
		};
/* End XCBuildConfiguration section */

/* Begin XCConfigurationList section */
		98729B542C014305007227F6 /* Build configuration list for PBXProject "ApperoExampleSwiftUI" */ = {
			isa = XCConfigurationList;
			buildConfigurations = (
				98729B652C014305007227F6 /* Debug */,
				98729B662C014305007227F6 /* Release */,
			);
			defaultConfigurationIsVisible = 0;
			defaultConfigurationName = Release;
		};
		98729B672C014305007227F6 /* Build configuration list for PBXNativeTarget "ApperoExampleSwiftUI" */ = {
			isa = XCConfigurationList;
			buildConfigurations = (
				98729B682C014305007227F6 /* Debug */,
				98729B692C014305007227F6 /* Release */,
			);
			defaultConfigurationIsVisible = 0;
			defaultConfigurationName = Release;
		};
/* End XCConfigurationList section */

/* Begin XCLocalSwiftPackageReference section */
		987260012EDF26EE00279B0C /* XCLocalSwiftPackageReference "../../appero-sdk-ios" */ = {
			isa = XCLocalSwiftPackageReference;
			relativePath = "../../appero-sdk-ios";
		};
/* End XCLocalSwiftPackageReference section */

/* Begin XCSwiftPackageProductDependency section */
		987260022EDF26EE00279B0C /* Appero */ = {
			isa = XCSwiftPackageProductDependency;
			productName = Appero;
		};
		988B10302E7344F3002924AE /* Appero */ = {
			isa = XCSwiftPackageProductDependency;
			productName = Appero;
		};
		98B7FB952DECF81C00C6FA74 /* Appero */ = {
			isa = XCSwiftPackageProductDependency;
			productName = Appero;
		};
		98EE6E992E7962A8009CE0D0 /* Appero */ = {
			isa = XCSwiftPackageProductDependency;
			productName = Appero;
		};
/* End XCSwiftPackageProductDependency section */
	};
	rootObject = 98729B512C014305007227F6 /* Project object */;
}
